// !$*UTF8*$!
{
	archiveVersion = 1;
	classes = {
	};
	objectVersion = 51;
	objects = {

/* Begin PBXBuildFile section */
		3E54344B250236F80016969B /* DashboardViewController.swift in Sources */ = {isa = PBXBuildFile; fileRef = 3E54344A250236F80016969B /* DashboardViewController.swift */; };
		3E54344D250245E10016969B /* JobCategoryAllViewController.swift in Sources */ = {isa = PBXBuildFile; fileRef = 3E54344C250245E10016969B /* JobCategoryAllViewController.swift */; };
		3E54344F250247090016969B /* JobCategoryListAll.swift in Sources */ = {isa = PBXBuildFile; fileRef = 3E54344E250247090016969B /* JobCategoryListAll.swift */; };
		3E543451250247500016969B /* JobCategoryMain.swift in Sources */ = {isa = PBXBuildFile; fileRef = 3E543450250247500016969B /* JobCategoryMain.swift */; };
		487172563FA27B265AB16F44 /* Pods_layout_layoutUITests.framework in Frameworks */ = {isa = PBXBuildFile; fileRef = 0C3C2BE10452E6A632DF7513 /* Pods_layout_layoutUITests.framework */; };
		6AF3193262E5DB5ECEF932FB /* Pods_layoutTests.framework in Frameworks */ = {isa = PBXBuildFile; fileRef = 30FCA2D4BDB1118A6A3C268B /* Pods_layoutTests.framework */; };
		AD01194024FDE6C200DB1DEC /* AppliedCell.swift in Sources */ = {isa = PBXBuildFile; fileRef = AD01193F24FDE6C200DB1DEC /* AppliedCell.swift */; };
		AD2D5D79250F57EC0045735C /* EditProfileController.swift in Sources */ = {isa = PBXBuildFile; fileRef = AD2D5D78250F57EC0045735C /* EditProfileController.swift */; };
		AD311B8425132409005D2920 /* RequestItemController.swift in Sources */ = {isa = PBXBuildFile; fileRef = AD311B8325132409005D2920 /* RequestItemController.swift */; };
		AD32BB9224ECDB0100D78982 /* UserSingle.swift in Sources */ = {isa = PBXBuildFile; fileRef = AD32BB9124ECDB0100D78982 /* UserSingle.swift */; };
		AD33053224FDFCA9004C9B1F /* AcceptedCell.swift in Sources */ = {isa = PBXBuildFile; fileRef = AD33053124FDFCA9004C9B1F /* AcceptedCell.swift */; };
		AD33053424FE0261004C9B1F /* ProgressCell.swift in Sources */ = {isa = PBXBuildFile; fileRef = AD33053324FE0261004C9B1F /* ProgressCell.swift */; };
		AD33053624FE026C004C9B1F /* DoneCell.swift in Sources */ = {isa = PBXBuildFile; fileRef = AD33053524FE026C004C9B1F /* DoneCell.swift */; };
		AD336A4124FE2D480032B25B /* AppliedDetailController.swift in Sources */ = {isa = PBXBuildFile; fileRef = AD336A4024FE2D480032B25B /* AppliedDetailController.swift */; };
		AD33D6722514A62B00EA4B17 /* DetailImageSupportController.swift in Sources */ = {isa = PBXBuildFile; fileRef = AD33D6712514A62B00EA4B17 /* DetailImageSupportController.swift */; };
		AD34C21E24EBDDBA00B028FB /* User.swift in Sources */ = {isa = PBXBuildFile; fileRef = AD34C21D24EBDDBA00B028FB /* User.swift */; };
		AD34DB482500EC1500BA8FC6 /* DoneDetailCell.swift in Sources */ = {isa = PBXBuildFile; fileRef = AD34DB472500EC1500BA8FC6 /* DoneDetailCell.swift */; };
		AD34DB4A2500ECC200BA8FC6 /* DoneDetailController.swift in Sources */ = {isa = PBXBuildFile; fileRef = AD34DB492500ECC200BA8FC6 /* DoneDetailController.swift */; };
		AD34FEFA2505EE9900A19FC7 /* JobListCell.swift in Sources */ = {isa = PBXBuildFile; fileRef = AD34FEF92505EE9900A19FC7 /* JobListCell.swift */; };
		AD36C91B24FF7E4D001DDA72 /* ProgressJobCell.swift in Sources */ = {isa = PBXBuildFile; fileRef = AD36C91A24FF7E4D001DDA72 /* ProgressJobCell.swift */; };
		AD36C91D24FF7F84001DDA72 /* ProgressDetailController.swift in Sources */ = {isa = PBXBuildFile; fileRef = AD36C91C24FF7F84001DDA72 /* ProgressDetailController.swift */; };
		AD36C91F24FF89B0001DDA72 /* JobProgress.swift in Sources */ = {isa = PBXBuildFile; fileRef = AD36C91E24FF89B0001DDA72 /* JobProgress.swift */; };
		AD3756FC25109B2B0012B48D /* UIImage.swift in Sources */ = {isa = PBXBuildFile; fileRef = AD3756FB25109B2B0012B48D /* UIImage.swift */; };
		AD3756FE2510A53D0012B48D /* DetailImagePaymentController.swift in Sources */ = {isa = PBXBuildFile; fileRef = AD3756FD2510A53D0012B48D /* DetailImagePaymentController.swift */; };
		AD38A7AD24F3C510005D0D5C /* PaymentCell.swift in Sources */ = {isa = PBXBuildFile; fileRef = AD38A7AC24F3C510005D0D5C /* PaymentCell.swift */; };
		AD38A7AF24F3C5AB005D0D5C /* PaymentController.swift in Sources */ = {isa = PBXBuildFile; fileRef = AD38A7AE24F3C5AB005D0D5C /* PaymentController.swift */; };
		AD3A533924F78DD400F3D80E /* SupportController.swift in Sources */ = {isa = PBXBuildFile; fileRef = AD3A533824F78DD400F3D80E /* SupportController.swift */; };
		AD3A533B24F78F1400F3D80E /* Support.swift in Sources */ = {isa = PBXBuildFile; fileRef = AD3A533A24F78F1400F3D80E /* Support.swift */; };
		AD3A533D24F78F2100F3D80E /* SupportList.swift in Sources */ = {isa = PBXBuildFile; fileRef = AD3A533C24F78F2100F3D80E /* SupportList.swift */; };
		AD3A533F24F79CC800F3D80E /* SupportDetailController.swift in Sources */ = {isa = PBXBuildFile; fileRef = AD3A533E24F79CC800F3D80E /* SupportDetailController.swift */; };
		AD45CCB724FE41780005A6BB /* JobPIC.swift in Sources */ = {isa = PBXBuildFile; fileRef = AD45CCB624FE41780005A6BB /* JobPIC.swift */; };
		AD468EED24F7B6BE00EF2CD8 /* PaymentDetailCell.swift in Sources */ = {isa = PBXBuildFile; fileRef = AD468EEC24F7B6BE00EF2CD8 /* PaymentDetailCell.swift */; };
		AD468EF124F7BA2000EF2CD8 /* PaymentDetailController.swift in Sources */ = {isa = PBXBuildFile; fileRef = AD468EF024F7BA2000EF2CD8 /* PaymentDetailController.swift */; };
		AD47DA6D24FCE04E0097F283 /* AppliedController.swift in Sources */ = {isa = PBXBuildFile; fileRef = AD47DA6C24FCE04E0097F283 /* AppliedController.swift */; };
		AD47DA7324FCE2250097F283 /* DetailController.swift in Sources */ = {isa = PBXBuildFile; fileRef = AD47DA7224FCE2250097F283 /* DetailController.swift */; };
		AD47DA7524FCECBC0097F283 /* AcceptedController.swift in Sources */ = {isa = PBXBuildFile; fileRef = AD47DA7424FCECBC0097F283 /* AcceptedController.swift */; };
		AD47DA7724FCEDB50097F283 /* DoneController.swift in Sources */ = {isa = PBXBuildFile; fileRef = AD47DA7624FCEDB50097F283 /* DoneController.swift */; };
		AD47DA7924FCEDC40097F283 /* ProgressController.swift in Sources */ = {isa = PBXBuildFile; fileRef = AD47DA7824FCEDC40097F283 /* ProgressController.swift */; };
		AD4B4E8E251336D2000EC2FA /* SupportItemController.swift in Sources */ = {isa = PBXBuildFile; fileRef = AD4B4E8D251336D2000EC2FA /* SupportItemController.swift */; };
		AD4B4E90251336F6000EC2FA /* JobDoneController.swift in Sources */ = {isa = PBXBuildFile; fileRef = AD4B4E8F251336F6000EC2FA /* JobDoneController.swift */; };
		AD6B568B24F5FD92008E596D /* Payment.swift in Sources */ = {isa = PBXBuildFile; fileRef = AD6B568A24F5FD92008E596D /* Payment.swift */; };
		AD6B568D24F5FDBD008E596D /* PaymentList.swift in Sources */ = {isa = PBXBuildFile; fileRef = AD6B568C24F5FDBD008E596D /* PaymentList.swift */; };
		AD6B568F24F5FE05008E596D /* PaymentLastestProgress.swift in Sources */ = {isa = PBXBuildFile; fileRef = AD6B568E24F5FE05008E596D /* PaymentLastestProgress.swift */; };
		AD6B569524F64280008E596D /* PaymentProgress.swift in Sources */ = {isa = PBXBuildFile; fileRef = AD6B569424F64280008E596D /* PaymentProgress.swift */; };
		AD732A992510740800374459 /* AlertController.swift in Sources */ = {isa = PBXBuildFile; fileRef = AD732A982510740800374459 /* AlertController.swift */; };
		AD9FCB3425075D410025A866 /* DetailJobListController.swift in Sources */ = {isa = PBXBuildFile; fileRef = AD9FCB3325075D410025A866 /* DetailJobListController.swift */; };
		AD9FCB3625077B760025A866 /* JobListAllCell.swift in Sources */ = {isa = PBXBuildFile; fileRef = AD9FCB3525077B760025A866 /* JobListAllCell.swift */; };
		AD9FCB3825077BFC0025A866 /* JobListAllController.swift in Sources */ = {isa = PBXBuildFile; fileRef = AD9FCB3725077BFC0025A866 /* JobListAllController.swift */; };
		ADBC403824F76BBB00A90810 /* SupportCell.swift in Sources */ = {isa = PBXBuildFile; fileRef = ADBC403724F76BBB00A90810 /* SupportCell.swift */; };
		ADC0248024FF3A4400A376A8 /* AcceptedDetailController.swift in Sources */ = {isa = PBXBuildFile; fileRef = ADC0247F24FF3A4400A376A8 /* AcceptedDetailController.swift */; };
		ADC218E424F35F760044DE42 /* JobCategory.swift in Sources */ = {isa = PBXBuildFile; fileRef = ADC218E324F35F760044DE42 /* JobCategory.swift */; };
		ADC218E624F35F940044DE42 /* JobCustomer.swift in Sources */ = {isa = PBXBuildFile; fileRef = ADC218E524F35F940044DE42 /* JobCustomer.swift */; };
		ADC218E824F35FB60044DE42 /* JobCustomerLocation.swift in Sources */ = {isa = PBXBuildFile; fileRef = ADC218E724F35FB60044DE42 /* JobCustomerLocation.swift */; };
		ADC218EA24F35FD30044DE42 /* JobLocation.swift in Sources */ = {isa = PBXBuildFile; fileRef = ADC218E924F35FD30044DE42 /* JobLocation.swift */; };
		ADC218EC24F35FED0044DE42 /* JobLevel.swift in Sources */ = {isa = PBXBuildFile; fileRef = ADC218EB24F35FED0044DE42 /* JobLevel.swift */; };
		ADC218EE24F360040044DE42 /* JobSingle.swift in Sources */ = {isa = PBXBuildFile; fileRef = ADC218ED24F360040044DE42 /* JobSingle.swift */; };
		ADC218F024F3609A0044DE42 /* JobList.swift in Sources */ = {isa = PBXBuildFile; fileRef = ADC218EF24F3609A0044DE42 /* JobList.swift */; };
		ADC218F224F360BC0044DE42 /* Job.swift in Sources */ = {isa = PBXBuildFile; fileRef = ADC218F124F360BC0044DE42 /* Job.swift */; };
		ADCCA5C62511FEE700536170 /* ActionButton.swift in Sources */ = {isa = PBXBuildFile; fileRef = ADCCA5C52511FEE700536170 /* ActionButton.swift */; };
		ADCCA5C82511FF2F00536170 /* ActionButtonItem.swift in Sources */ = {isa = PBXBuildFile; fileRef = ADCCA5C72511FF2F00536170 /* ActionButtonItem.swift */; };
		ADD3383E24EBAB2100295B40 /* DetailPersonal.swift in Sources */ = {isa = PBXBuildFile; fileRef = ADD3383D24EBAB2100295B40 /* DetailPersonal.swift */; };
		ADD3384024EBAE1A00295B40 /* PersonalDetailCell.swift in Sources */ = {isa = PBXBuildFile; fileRef = ADD3383F24EBAE1A00295B40 /* PersonalDetailCell.swift */; };
		ADD3384224EBAFDD00295B40 /* PersonalDetailController.swift in Sources */ = {isa = PBXBuildFile; fileRef = ADD3384124EBAFDC00295B40 /* PersonalDetailController.swift */; };
		ADD3384724EBCCBD00295B40 /* PersonalViewController.swift in Sources */ = {isa = PBXBuildFile; fileRef = ADD3384624EBCCBD00295B40 /* PersonalViewController.swift */; };
		ADD3384A24EBD3AA00295B40 /* GlobalVariable.swift in Sources */ = {isa = PBXBuildFile; fileRef = ADD3384924EBD3AA00295B40 /* GlobalVariable.swift */; };
		ADD55AFC24C5548A0063BC99 /* AppDelegate.swift in Sources */ = {isa = PBXBuildFile; fileRef = ADD55AFB24C5548A0063BC99 /* AppDelegate.swift */; };
		ADD55AFE24C5548A0063BC99 /* SceneDelegate.swift in Sources */ = {isa = PBXBuildFile; fileRef = ADD55AFD24C5548A0063BC99 /* SceneDelegate.swift */; };
		ADD55B0024C5548A0063BC99 /* ViewController.swift in Sources */ = {isa = PBXBuildFile; fileRef = ADD55AFF24C5548A0063BC99 /* ViewController.swift */; };
		ADD55B0324C5548A0063BC99 /* Main.storyboard in Resources */ = {isa = PBXBuildFile; fileRef = ADD55B0124C5548A0063BC99 /* Main.storyboard */; };
		ADD55B0524C5548C0063BC99 /* Assets.xcassets in Resources */ = {isa = PBXBuildFile; fileRef = ADD55B0424C5548C0063BC99 /* Assets.xcassets */; };
		ADD55B0824C5548C0063BC99 /* LaunchScreen.storyboard in Resources */ = {isa = PBXBuildFile; fileRef = ADD55B0624C5548C0063BC99 /* LaunchScreen.storyboard */; };
		ADD55B1324C5548C0063BC99 /* layoutTests.swift in Sources */ = {isa = PBXBuildFile; fileRef = ADD55B1224C5548C0063BC99 /* layoutTests.swift */; };
		ADD55B1E24C5548C0063BC99 /* layoutUITests.swift in Sources */ = {isa = PBXBuildFile; fileRef = ADD55B1D24C5548C0063BC99 /* layoutUITests.swift */; };
		E16FBB8725E7EC627AB370F8 /* Pods_layout.framework in Frameworks */ = {isa = PBXBuildFile; fileRef = 548BDD50525186B85C2B235E /* Pods_layout.framework */; };
/* End PBXBuildFile section */

/* Begin PBXContainerItemProxy section */
		ADD55B0F24C5548C0063BC99 /* PBXContainerItemProxy */ = {
			isa = PBXContainerItemProxy;
			containerPortal = ADD55AF024C5548A0063BC99 /* Project object */;
			proxyType = 1;
			remoteGlobalIDString = ADD55AF724C5548A0063BC99;
			remoteInfo = layout;
		};
		ADD55B1A24C5548C0063BC99 /* PBXContainerItemProxy */ = {
			isa = PBXContainerItemProxy;
			containerPortal = ADD55AF024C5548A0063BC99 /* Project object */;
			proxyType = 1;
			remoteGlobalIDString = ADD55AF724C5548A0063BC99;
			remoteInfo = layout;
		};
/* End PBXContainerItemProxy section */

/* Begin PBXFileReference section */
		0C3C2BE10452E6A632DF7513 /* Pods_layout_layoutUITests.framework */ = {isa = PBXFileReference; explicitFileType = wrapper.framework; includeInIndex = 0; path = Pods_layout_layoutUITests.framework; sourceTree = BUILT_PRODUCTS_DIR; };
		0C7C374CC2E8240B3F39DF85 /* Pods-layoutTests.release.xcconfig */ = {isa = PBXFileReference; includeInIndex = 1; lastKnownFileType = text.xcconfig; name = "Pods-layoutTests.release.xcconfig"; path = "Target Support Files/Pods-layoutTests/Pods-layoutTests.release.xcconfig"; sourceTree = "<group>"; };
		30FCA2D4BDB1118A6A3C268B /* Pods_layoutTests.framework */ = {isa = PBXFileReference; explicitFileType = wrapper.framework; includeInIndex = 0; path = Pods_layoutTests.framework; sourceTree = BUILT_PRODUCTS_DIR; };
		3E54344A250236F80016969B /* DashboardViewController.swift */ = {isa = PBXFileReference; lastKnownFileType = sourcecode.swift; path = DashboardViewController.swift; sourceTree = "<group>"; };
		3E54344C250245E10016969B /* JobCategoryAllViewController.swift */ = {isa = PBXFileReference; lastKnownFileType = sourcecode.swift; path = JobCategoryAllViewController.swift; sourceTree = "<group>"; };
		3E54344E250247090016969B /* JobCategoryListAll.swift */ = {isa = PBXFileReference; lastKnownFileType = sourcecode.swift; path = JobCategoryListAll.swift; sourceTree = "<group>"; };
		3E543450250247500016969B /* JobCategoryMain.swift */ = {isa = PBXFileReference; lastKnownFileType = sourcecode.swift; path = JobCategoryMain.swift; sourceTree = "<group>"; };
		548BDD50525186B85C2B235E /* Pods_layout.framework */ = {isa = PBXFileReference; explicitFileType = wrapper.framework; includeInIndex = 0; path = Pods_layout.framework; sourceTree = BUILT_PRODUCTS_DIR; };
		642372A9C70FDB41D71F34D0 /* Pods-layout.debug.xcconfig */ = {isa = PBXFileReference; includeInIndex = 1; lastKnownFileType = text.xcconfig; name = "Pods-layout.debug.xcconfig"; path = "Target Support Files/Pods-layout/Pods-layout.debug.xcconfig"; sourceTree = "<group>"; };
		74EDB09A5FA2EDDCBF497CBD /* Pods-layout-layoutUITests.release.xcconfig */ = {isa = PBXFileReference; includeInIndex = 1; lastKnownFileType = text.xcconfig; name = "Pods-layout-layoutUITests.release.xcconfig"; path = "Target Support Files/Pods-layout-layoutUITests/Pods-layout-layoutUITests.release.xcconfig"; sourceTree = "<group>"; };
		8637C962757333A4DAD78F54 /* Pods-layout-layoutUITests.debug.xcconfig */ = {isa = PBXFileReference; includeInIndex = 1; lastKnownFileType = text.xcconfig; name = "Pods-layout-layoutUITests.debug.xcconfig"; path = "Target Support Files/Pods-layout-layoutUITests/Pods-layout-layoutUITests.debug.xcconfig"; sourceTree = "<group>"; };
		AD01193F24FDE6C200DB1DEC /* AppliedCell.swift */ = {isa = PBXFileReference; lastKnownFileType = sourcecode.swift; path = AppliedCell.swift; sourceTree = "<group>"; };
		AD2D5D78250F57EC0045735C /* EditProfileController.swift */ = {isa = PBXFileReference; lastKnownFileType = sourcecode.swift; path = EditProfileController.swift; sourceTree = "<group>"; };
		AD311B8325132409005D2920 /* RequestItemController.swift */ = {isa = PBXFileReference; lastKnownFileType = sourcecode.swift; path = RequestItemController.swift; sourceTree = "<group>"; };
		AD32BB9124ECDB0100D78982 /* UserSingle.swift */ = {isa = PBXFileReference; lastKnownFileType = sourcecode.swift; path = UserSingle.swift; sourceTree = "<group>"; };
		AD33053124FDFCA9004C9B1F /* AcceptedCell.swift */ = {isa = PBXFileReference; lastKnownFileType = sourcecode.swift; path = AcceptedCell.swift; sourceTree = "<group>"; };
		AD33053324FE0261004C9B1F /* ProgressCell.swift */ = {isa = PBXFileReference; lastKnownFileType = sourcecode.swift; path = ProgressCell.swift; sourceTree = "<group>"; };
		AD33053524FE026C004C9B1F /* DoneCell.swift */ = {isa = PBXFileReference; lastKnownFileType = sourcecode.swift; path = DoneCell.swift; sourceTree = "<group>"; };
		AD336A4024FE2D480032B25B /* AppliedDetailController.swift */ = {isa = PBXFileReference; lastKnownFileType = sourcecode.swift; path = AppliedDetailController.swift; sourceTree = "<group>"; };
		AD33D6712514A62B00EA4B17 /* DetailImageSupportController.swift */ = {isa = PBXFileReference; lastKnownFileType = sourcecode.swift; path = DetailImageSupportController.swift; sourceTree = "<group>"; };
		AD34C21D24EBDDBA00B028FB /* User.swift */ = {isa = PBXFileReference; lastKnownFileType = sourcecode.swift; path = User.swift; sourceTree = "<group>"; };
		AD34DB472500EC1500BA8FC6 /* DoneDetailCell.swift */ = {isa = PBXFileReference; lastKnownFileType = sourcecode.swift; path = DoneDetailCell.swift; sourceTree = "<group>"; };
		AD34DB492500ECC200BA8FC6 /* DoneDetailController.swift */ = {isa = PBXFileReference; lastKnownFileType = sourcecode.swift; path = DoneDetailController.swift; sourceTree = "<group>"; };
		AD34FEF92505EE9900A19FC7 /* JobListCell.swift */ = {isa = PBXFileReference; lastKnownFileType = sourcecode.swift; path = JobListCell.swift; sourceTree = "<group>"; };
		AD36C91A24FF7E4D001DDA72 /* ProgressJobCell.swift */ = {isa = PBXFileReference; lastKnownFileType = sourcecode.swift; path = ProgressJobCell.swift; sourceTree = "<group>"; };
		AD36C91C24FF7F84001DDA72 /* ProgressDetailController.swift */ = {isa = PBXFileReference; lastKnownFileType = sourcecode.swift; path = ProgressDetailController.swift; sourceTree = "<group>"; };
		AD36C91E24FF89B0001DDA72 /* JobProgress.swift */ = {isa = PBXFileReference; lastKnownFileType = sourcecode.swift; path = JobProgress.swift; sourceTree = "<group>"; };
		AD3756FB25109B2B0012B48D /* UIImage.swift */ = {isa = PBXFileReference; lastKnownFileType = sourcecode.swift; path = UIImage.swift; sourceTree = "<group>"; };
		AD3756FD2510A53D0012B48D /* DetailImagePaymentController.swift */ = {isa = PBXFileReference; lastKnownFileType = sourcecode.swift; path = DetailImagePaymentController.swift; sourceTree = "<group>"; };
		AD38A7AC24F3C510005D0D5C /* PaymentCell.swift */ = {isa = PBXFileReference; lastKnownFileType = sourcecode.swift; path = PaymentCell.swift; sourceTree = "<group>"; };
		AD38A7AE24F3C5AB005D0D5C /* PaymentController.swift */ = {isa = PBXFileReference; lastKnownFileType = sourcecode.swift; path = PaymentController.swift; sourceTree = "<group>"; };
		AD3A533824F78DD400F3D80E /* SupportController.swift */ = {isa = PBXFileReference; lastKnownFileType = sourcecode.swift; path = SupportController.swift; sourceTree = "<group>"; };
		AD3A533A24F78F1400F3D80E /* Support.swift */ = {isa = PBXFileReference; lastKnownFileType = sourcecode.swift; path = Support.swift; sourceTree = "<group>"; };
		AD3A533C24F78F2100F3D80E /* SupportList.swift */ = {isa = PBXFileReference; lastKnownFileType = sourcecode.swift; path = SupportList.swift; sourceTree = "<group>"; };
		AD3A533E24F79CC800F3D80E /* SupportDetailController.swift */ = {isa = PBXFileReference; lastKnownFileType = sourcecode.swift; path = SupportDetailController.swift; sourceTree = "<group>"; };
		AD45CCB624FE41780005A6BB /* JobPIC.swift */ = {isa = PBXFileReference; lastKnownFileType = sourcecode.swift; path = JobPIC.swift; sourceTree = "<group>"; };
		AD468EEC24F7B6BE00EF2CD8 /* PaymentDetailCell.swift */ = {isa = PBXFileReference; lastKnownFileType = sourcecode.swift; path = PaymentDetailCell.swift; sourceTree = "<group>"; };
		AD468EF024F7BA2000EF2CD8 /* PaymentDetailController.swift */ = {isa = PBXFileReference; lastKnownFileType = sourcecode.swift; path = PaymentDetailController.swift; sourceTree = "<group>"; };
		AD47DA6C24FCE04E0097F283 /* AppliedController.swift */ = {isa = PBXFileReference; lastKnownFileType = sourcecode.swift; path = AppliedController.swift; sourceTree = "<group>"; };
		AD47DA7224FCE2250097F283 /* DetailController.swift */ = {isa = PBXFileReference; lastKnownFileType = sourcecode.swift; path = DetailController.swift; sourceTree = "<group>"; };
		AD47DA7424FCECBC0097F283 /* AcceptedController.swift */ = {isa = PBXFileReference; lastKnownFileType = sourcecode.swift; path = AcceptedController.swift; sourceTree = "<group>"; };
		AD47DA7624FCEDB50097F283 /* DoneController.swift */ = {isa = PBXFileReference; lastKnownFileType = sourcecode.swift; path = DoneController.swift; sourceTree = "<group>"; };
		AD47DA7824FCEDC40097F283 /* ProgressController.swift */ = {isa = PBXFileReference; lastKnownFileType = sourcecode.swift; path = ProgressController.swift; sourceTree = "<group>"; };
		AD4B4E8D251336D2000EC2FA /* SupportItemController.swift */ = {isa = PBXFileReference; lastKnownFileType = sourcecode.swift; path = SupportItemController.swift; sourceTree = "<group>"; };
		AD4B4E8F251336F6000EC2FA /* JobDoneController.swift */ = {isa = PBXFileReference; lastKnownFileType = sourcecode.swift; path = JobDoneController.swift; sourceTree = "<group>"; };
		AD6B568A24F5FD92008E596D /* Payment.swift */ = {isa = PBXFileReference; lastKnownFileType = sourcecode.swift; path = Payment.swift; sourceTree = "<group>"; };
		AD6B568C24F5FDBD008E596D /* PaymentList.swift */ = {isa = PBXFileReference; lastKnownFileType = sourcecode.swift; path = PaymentList.swift; sourceTree = "<group>"; };
		AD6B568E24F5FE05008E596D /* PaymentLastestProgress.swift */ = {isa = PBXFileReference; lastKnownFileType = sourcecode.swift; path = PaymentLastestProgress.swift; sourceTree = "<group>"; };
		AD6B569424F64280008E596D /* PaymentProgress.swift */ = {isa = PBXFileReference; lastKnownFileType = sourcecode.swift; path = PaymentProgress.swift; sourceTree = "<group>"; };
		AD732A982510740800374459 /* AlertController.swift */ = {isa = PBXFileReference; lastKnownFileType = sourcecode.swift; path = AlertController.swift; sourceTree = "<group>"; };
		AD9FCB3325075D410025A866 /* DetailJobListController.swift */ = {isa = PBXFileReference; lastKnownFileType = sourcecode.swift; path = DetailJobListController.swift; sourceTree = "<group>"; };
		AD9FCB3525077B760025A866 /* JobListAllCell.swift */ = {isa = PBXFileReference; lastKnownFileType = sourcecode.swift; path = JobListAllCell.swift; sourceTree = "<group>"; };
		AD9FCB3725077BFC0025A866 /* JobListAllController.swift */ = {isa = PBXFileReference; lastKnownFileType = sourcecode.swift; path = JobListAllController.swift; sourceTree = "<group>"; };
		ADBC403724F76BBB00A90810 /* SupportCell.swift */ = {isa = PBXFileReference; lastKnownFileType = sourcecode.swift; path = SupportCell.swift; sourceTree = "<group>"; };
		ADC0247F24FF3A4400A376A8 /* AcceptedDetailController.swift */ = {isa = PBXFileReference; lastKnownFileType = sourcecode.swift; path = AcceptedDetailController.swift; sourceTree = "<group>"; };
		ADC218E324F35F760044DE42 /* JobCategory.swift */ = {isa = PBXFileReference; lastKnownFileType = sourcecode.swift; path = JobCategory.swift; sourceTree = "<group>"; };
		ADC218E524F35F940044DE42 /* JobCustomer.swift */ = {isa = PBXFileReference; lastKnownFileType = sourcecode.swift; path = JobCustomer.swift; sourceTree = "<group>"; };
		ADC218E724F35FB60044DE42 /* JobCustomerLocation.swift */ = {isa = PBXFileReference; lastKnownFileType = sourcecode.swift; path = JobCustomerLocation.swift; sourceTree = "<group>"; };
		ADC218E924F35FD30044DE42 /* JobLocation.swift */ = {isa = PBXFileReference; lastKnownFileType = sourcecode.swift; path = JobLocation.swift; sourceTree = "<group>"; };
		ADC218EB24F35FED0044DE42 /* JobLevel.swift */ = {isa = PBXFileReference; lastKnownFileType = sourcecode.swift; path = JobLevel.swift; sourceTree = "<group>"; };
		ADC218ED24F360040044DE42 /* JobSingle.swift */ = {isa = PBXFileReference; lastKnownFileType = sourcecode.swift; path = JobSingle.swift; sourceTree = "<group>"; };
		ADC218EF24F3609A0044DE42 /* JobList.swift */ = {isa = PBXFileReference; lastKnownFileType = sourcecode.swift; path = JobList.swift; sourceTree = "<group>"; };
		ADC218F124F360BC0044DE42 /* Job.swift */ = {isa = PBXFileReference; lastKnownFileType = sourcecode.swift; path = Job.swift; sourceTree = "<group>"; };
		ADCCA5C52511FEE700536170 /* ActionButton.swift */ = {isa = PBXFileReference; lastKnownFileType = sourcecode.swift; path = ActionButton.swift; sourceTree = "<group>"; };
		ADCCA5C72511FF2F00536170 /* ActionButtonItem.swift */ = {isa = PBXFileReference; lastKnownFileType = sourcecode.swift; path = ActionButtonItem.swift; sourceTree = "<group>"; };
		ADD3383D24EBAB2100295B40 /* DetailPersonal.swift */ = {isa = PBXFileReference; lastKnownFileType = sourcecode.swift; path = DetailPersonal.swift; sourceTree = "<group>"; };
		ADD3383F24EBAE1A00295B40 /* PersonalDetailCell.swift */ = {isa = PBXFileReference; lastKnownFileType = sourcecode.swift; path = PersonalDetailCell.swift; sourceTree = "<group>"; };
		ADD3384124EBAFDC00295B40 /* PersonalDetailController.swift */ = {isa = PBXFileReference; lastKnownFileType = sourcecode.swift; path = PersonalDetailController.swift; sourceTree = "<group>"; };
		ADD3384624EBCCBD00295B40 /* PersonalViewController.swift */ = {isa = PBXFileReference; lastKnownFileType = sourcecode.swift; path = PersonalViewController.swift; sourceTree = "<group>"; };
		ADD3384924EBD3AA00295B40 /* GlobalVariable.swift */ = {isa = PBXFileReference; lastKnownFileType = sourcecode.swift; path = GlobalVariable.swift; sourceTree = "<group>"; };
		ADD55AF824C5548A0063BC99 /* layout.app */ = {isa = PBXFileReference; explicitFileType = wrapper.application; includeInIndex = 0; path = layout.app; sourceTree = BUILT_PRODUCTS_DIR; };
		ADD55AFB24C5548A0063BC99 /* AppDelegate.swift */ = {isa = PBXFileReference; lastKnownFileType = sourcecode.swift; path = AppDelegate.swift; sourceTree = "<group>"; };
		ADD55AFD24C5548A0063BC99 /* SceneDelegate.swift */ = {isa = PBXFileReference; lastKnownFileType = sourcecode.swift; path = SceneDelegate.swift; sourceTree = "<group>"; };
		ADD55AFF24C5548A0063BC99 /* ViewController.swift */ = {isa = PBXFileReference; lastKnownFileType = sourcecode.swift; path = ViewController.swift; sourceTree = "<group>"; };
		ADD55B0224C5548A0063BC99 /* Base */ = {isa = PBXFileReference; lastKnownFileType = file.storyboard; name = Base; path = Base.lproj/Main.storyboard; sourceTree = "<group>"; };
		ADD55B0424C5548C0063BC99 /* Assets.xcassets */ = {isa = PBXFileReference; lastKnownFileType = folder.assetcatalog; path = Assets.xcassets; sourceTree = "<group>"; };
		ADD55B0724C5548C0063BC99 /* Base */ = {isa = PBXFileReference; lastKnownFileType = file.storyboard; name = Base; path = Base.lproj/LaunchScreen.storyboard; sourceTree = "<group>"; };
		ADD55B0924C5548C0063BC99 /* Info.plist */ = {isa = PBXFileReference; lastKnownFileType = text.plist.xml; path = Info.plist; sourceTree = "<group>"; };
		ADD55B0E24C5548C0063BC99 /* layoutTests.xctest */ = {isa = PBXFileReference; explicitFileType = wrapper.cfbundle; includeInIndex = 0; path = layoutTests.xctest; sourceTree = BUILT_PRODUCTS_DIR; };
		ADD55B1224C5548C0063BC99 /* layoutTests.swift */ = {isa = PBXFileReference; lastKnownFileType = sourcecode.swift; path = layoutTests.swift; sourceTree = "<group>"; };
		ADD55B1424C5548C0063BC99 /* Info.plist */ = {isa = PBXFileReference; lastKnownFileType = text.plist.xml; path = Info.plist; sourceTree = "<group>"; };
		ADD55B1924C5548C0063BC99 /* layoutUITests.xctest */ = {isa = PBXFileReference; explicitFileType = wrapper.cfbundle; includeInIndex = 0; path = layoutUITests.xctest; sourceTree = BUILT_PRODUCTS_DIR; };
		ADD55B1D24C5548C0063BC99 /* layoutUITests.swift */ = {isa = PBXFileReference; lastKnownFileType = sourcecode.swift; path = layoutUITests.swift; sourceTree = "<group>"; };
		ADD55B1F24C5548C0063BC99 /* Info.plist */ = {isa = PBXFileReference; lastKnownFileType = text.plist.xml; path = Info.plist; sourceTree = "<group>"; };
		B88E41E8D7C4605E90979CA4 /* Pods-layoutTests.debug.xcconfig */ = {isa = PBXFileReference; includeInIndex = 1; lastKnownFileType = text.xcconfig; name = "Pods-layoutTests.debug.xcconfig"; path = "Target Support Files/Pods-layoutTests/Pods-layoutTests.debug.xcconfig"; sourceTree = "<group>"; };
		DCAA9C395D2417F505FF1B16 /* Pods-layout.release.xcconfig */ = {isa = PBXFileReference; includeInIndex = 1; lastKnownFileType = text.xcconfig; name = "Pods-layout.release.xcconfig"; path = "Target Support Files/Pods-layout/Pods-layout.release.xcconfig"; sourceTree = "<group>"; };
/* End PBXFileReference section */

/* Begin PBXFrameworksBuildPhase section */
		ADD55AF524C5548A0063BC99 /* Frameworks */ = {
			isa = PBXFrameworksBuildPhase;
			buildActionMask = 2147483647;
			files = (
				E16FBB8725E7EC627AB370F8 /* Pods_layout.framework in Frameworks */,
			);
			runOnlyForDeploymentPostprocessing = 0;
		};
		ADD55B0B24C5548C0063BC99 /* Frameworks */ = {
			isa = PBXFrameworksBuildPhase;
			buildActionMask = 2147483647;
			files = (
				6AF3193262E5DB5ECEF932FB /* Pods_layoutTests.framework in Frameworks */,
			);
			runOnlyForDeploymentPostprocessing = 0;
		};
		ADD55B1624C5548C0063BC99 /* Frameworks */ = {
			isa = PBXFrameworksBuildPhase;
			buildActionMask = 2147483647;
			files = (
				487172563FA27B265AB16F44 /* Pods_layout_layoutUITests.framework in Frameworks */,
			);
			runOnlyForDeploymentPostprocessing = 0;
		};
/* End PBXFrameworksBuildPhase section */

/* Begin PBXGroup section */
		3E54344925022D210016969B /* Dashboard */ = {
			isa = PBXGroup;
			children = (
				3E54344C250245E10016969B /* JobCategoryAllViewController.swift */,
				3E54344A250236F80016969B /* DashboardViewController.swift */,
				AD9FCB3325075D410025A866 /* DetailJobListController.swift */,
				AD9FCB3725077BFC0025A866 /* JobListAllController.swift */,
			);
			path = Dashboard;
			sourceTree = "<group>";
		};
		76D824C65F389DEAE806CC0B /* Frameworks */ = {
			isa = PBXGroup;
			children = (
				548BDD50525186B85C2B235E /* Pods_layout.framework */,
				0C3C2BE10452E6A632DF7513 /* Pods_layout_layoutUITests.framework */,
				30FCA2D4BDB1118A6A3C268B /* Pods_layoutTests.framework */,
			);
			name = Frameworks;
			sourceTree = "<group>";
		};
		87C69E7DF1AEB353612DE100 /* Pods */ = {
			isa = PBXGroup;
			children = (
				642372A9C70FDB41D71F34D0 /* Pods-layout.debug.xcconfig */,
				DCAA9C395D2417F505FF1B16 /* Pods-layout.release.xcconfig */,
				8637C962757333A4DAD78F54 /* Pods-layout-layoutUITests.debug.xcconfig */,
				74EDB09A5FA2EDDCBF497CBD /* Pods-layout-layoutUITests.release.xcconfig */,
				B88E41E8D7C4605E90979CA4 /* Pods-layoutTests.debug.xcconfig */,
				0C7C374CC2E8240B3F39DF85 /* Pods-layoutTests.release.xcconfig */,
			);
			path = Pods;
			sourceTree = "<group>";
		};
		AD01193E24FDE58800DB1DEC /* DetailJob */ = {
			isa = PBXGroup;
			children = (
				AD47DA7224FCE2250097F283 /* DetailController.swift */,
				AD47DA6C24FCE04E0097F283 /* AppliedController.swift */,
				AD47DA7424FCECBC0097F283 /* AcceptedController.swift */,
				AD47DA7824FCEDC40097F283 /* ProgressController.swift */,
				AD47DA7624FCEDB50097F283 /* DoneController.swift */,
				AD336A4024FE2D480032B25B /* AppliedDetailController.swift */,
				ADC0247F24FF3A4400A376A8 /* AcceptedDetailController.swift */,
				AD36C91C24FF7F84001DDA72 /* ProgressDetailController.swift */,
				AD34DB492500ECC200BA8FC6 /* DoneDetailController.swift */,
				AD311B8325132409005D2920 /* RequestItemController.swift */,
				AD4B4E8D251336D2000EC2FA /* SupportItemController.swift */,
				AD4B4E8F251336F6000EC2FA /* JobDoneController.swift */,
			);
			path = DetailJob;
			sourceTree = "<group>";
		};
		ADD3384324EBCC6400295B40 /* Model */ = {
			isa = PBXGroup;
			children = (
				3E54344E250247090016969B /* JobCategoryListAll.swift */,
				3E543450250247500016969B /* JobCategoryMain.swift */,
				ADD3383D24EBAB2100295B40 /* DetailPersonal.swift */,
				AD34C21D24EBDDBA00B028FB /* User.swift */,
				AD32BB9124ECDB0100D78982 /* UserSingle.swift */,
				ADC218F124F360BC0044DE42 /* Job.swift */,
				ADC218EF24F3609A0044DE42 /* JobList.swift */,
				ADC218E324F35F760044DE42 /* JobCategory.swift */,
				ADC218E524F35F940044DE42 /* JobCustomer.swift */,
				ADC218E724F35FB60044DE42 /* JobCustomerLocation.swift */,
				ADC218E924F35FD30044DE42 /* JobLocation.swift */,
				ADC218EB24F35FED0044DE42 /* JobLevel.swift */,
				AD45CCB624FE41780005A6BB /* JobPIC.swift */,
				AD36C91E24FF89B0001DDA72 /* JobProgress.swift */,
				ADC218ED24F360040044DE42 /* JobSingle.swift */,
				AD6B568A24F5FD92008E596D /* Payment.swift */,
				AD6B568C24F5FDBD008E596D /* PaymentList.swift */,
				AD6B568E24F5FE05008E596D /* PaymentLastestProgress.swift */,
				AD6B569424F64280008E596D /* PaymentProgress.swift */,
				AD3A533A24F78F1400F3D80E /* Support.swift */,
				AD3A533C24F78F2100F3D80E /* SupportList.swift */,
			);
			path = Model;
			sourceTree = "<group>";
		};
		ADD3384424EBCC7300295B40 /* ViewController */ = {
			isa = PBXGroup;
			children = (
				3E54344925022D210016969B /* Dashboard */,
				AD01193E24FDE58800DB1DEC /* DetailJob */,
				ADD3384524EBCC8500295B40 /* TableCell */,
				ADD3384124EBAFDC00295B40 /* PersonalDetailController.swift */,
				ADD3384624EBCCBD00295B40 /* PersonalViewController.swift */,
				AD38A7AE24F3C5AB005D0D5C /* PaymentController.swift */,
				AD468EF024F7BA2000EF2CD8 /* PaymentDetailController.swift */,
				AD3A533824F78DD400F3D80E /* SupportController.swift */,
				AD3A533E24F79CC800F3D80E /* SupportDetailController.swift */,
				AD33D6712514A62B00EA4B17 /* DetailImageSupportController.swift */,
				AD2D5D78250F57EC0045735C /* EditProfileController.swift */,
				AD732A982510740800374459 /* AlertController.swift */,
				AD3756FB25109B2B0012B48D /* UIImage.swift */,
				AD3756FD2510A53D0012B48D /* DetailImagePaymentController.swift */,
				ADCCA5C52511FEE700536170 /* ActionButton.swift */,
				ADCCA5C72511FF2F00536170 /* ActionButtonItem.swift */,
			);
			path = ViewController;
			sourceTree = "<group>";
		};
		ADD3384524EBCC8500295B40 /* TableCell */ = {
			isa = PBXGroup;
			children = (
				ADD3383F24EBAE1A00295B40 /* PersonalDetailCell.swift */,
				AD38A7AC24F3C510005D0D5C /* PaymentCell.swift */,
				AD468EEC24F7B6BE00EF2CD8 /* PaymentDetailCell.swift */,
				ADBC403724F76BBB00A90810 /* SupportCell.swift */,
				AD01193F24FDE6C200DB1DEC /* AppliedCell.swift */,
				AD33053124FDFCA9004C9B1F /* AcceptedCell.swift */,
				AD33053324FE0261004C9B1F /* ProgressCell.swift */,
				AD33053524FE026C004C9B1F /* DoneCell.swift */,
				AD36C91A24FF7E4D001DDA72 /* ProgressJobCell.swift */,
				AD34DB472500EC1500BA8FC6 /* DoneDetailCell.swift */,
				AD34FEF92505EE9900A19FC7 /* JobListCell.swift */,
				AD9FCB3525077B760025A866 /* JobListAllCell.swift */,
			);
			path = TableCell;
			sourceTree = "<group>";
		};
		ADD3384824EBD36B00295B40 /* Variable */ = {
			isa = PBXGroup;
			children = (
				ADD3384924EBD3AA00295B40 /* GlobalVariable.swift */,
			);
			path = Variable;
			sourceTree = "<group>";
		};
		ADD55AEF24C5548A0063BC99 = {
			isa = PBXGroup;
			children = (
				ADD55AFA24C5548A0063BC99 /* layout */,
				ADD55B1124C5548C0063BC99 /* layoutTests */,
				ADD55B1C24C5548C0063BC99 /* layoutUITests */,
				ADD55AF924C5548A0063BC99 /* Products */,
				87C69E7DF1AEB353612DE100 /* Pods */,
				76D824C65F389DEAE806CC0B /* Frameworks */,
			);
			sourceTree = "<group>";
		};
		ADD55AF924C5548A0063BC99 /* Products */ = {
			isa = PBXGroup;
			children = (
				ADD55AF824C5548A0063BC99 /* layout.app */,
				ADD55B0E24C5548C0063BC99 /* layoutTests.xctest */,
				ADD55B1924C5548C0063BC99 /* layoutUITests.xctest */,
			);
			name = Products;
			sourceTree = "<group>";
		};
		ADD55AFA24C5548A0063BC99 /* layout */ = {
			isa = PBXGroup;
			children = (
				ADD3384824EBD36B00295B40 /* Variable */,
				ADD3384424EBCC7300295B40 /* ViewController */,
				ADD3384324EBCC6400295B40 /* Model */,
				ADD55AFB24C5548A0063BC99 /* AppDelegate.swift */,
				ADD55AFD24C5548A0063BC99 /* SceneDelegate.swift */,
				ADD55AFF24C5548A0063BC99 /* ViewController.swift */,
				ADD55B0124C5548A0063BC99 /* Main.storyboard */,
				ADD55B0424C5548C0063BC99 /* Assets.xcassets */,
				ADD55B0624C5548C0063BC99 /* LaunchScreen.storyboard */,
				ADD55B0924C5548C0063BC99 /* Info.plist */,
			);
			path = layout;
			sourceTree = "<group>";
		};
		ADD55B1124C5548C0063BC99 /* layoutTests */ = {
			isa = PBXGroup;
			children = (
				ADD55B1224C5548C0063BC99 /* layoutTests.swift */,
				ADD55B1424C5548C0063BC99 /* Info.plist */,
			);
			path = layoutTests;
			sourceTree = "<group>";
		};
		ADD55B1C24C5548C0063BC99 /* layoutUITests */ = {
			isa = PBXGroup;
			children = (
				ADD55B1D24C5548C0063BC99 /* layoutUITests.swift */,
				ADD55B1F24C5548C0063BC99 /* Info.plist */,
			);
			path = layoutUITests;
			sourceTree = "<group>";
		};
/* End PBXGroup section */

/* Begin PBXNativeTarget section */
		ADD55AF724C5548A0063BC99 /* layout */ = {
			isa = PBXNativeTarget;
			buildConfigurationList = ADD55B2224C5548C0063BC99 /* Build configuration list for PBXNativeTarget "layout" */;
			buildPhases = (
				1025A236A052F33A1A765CF6 /* [CP] Check Pods Manifest.lock */,
				ADD55AF424C5548A0063BC99 /* Sources */,
				ADD55AF524C5548A0063BC99 /* Frameworks */,
				ADD55AF624C5548A0063BC99 /* Resources */,
				3EB829C3B09ACECA92FCC4F3 /* [CP] Embed Pods Frameworks */,
			);
			buildRules = (
			);
			dependencies = (
			);
			name = layout;
			productName = layout;
			productReference = ADD55AF824C5548A0063BC99 /* layout.app */;
			productType = "com.apple.product-type.application";
		};
		ADD55B0D24C5548C0063BC99 /* layoutTests */ = {
			isa = PBXNativeTarget;
			buildConfigurationList = ADD55B2524C5548C0063BC99 /* Build configuration list for PBXNativeTarget "layoutTests" */;
			buildPhases = (
				AB36A672CE39BDBF65EFEAE6 /* [CP] Check Pods Manifest.lock */,
				ADD55B0A24C5548C0063BC99 /* Sources */,
				ADD55B0B24C5548C0063BC99 /* Frameworks */,
				ADD55B0C24C5548C0063BC99 /* Resources */,
			);
			buildRules = (
			);
			dependencies = (
				ADD55B1024C5548C0063BC99 /* PBXTargetDependency */,
			);
			name = layoutTests;
			productName = layoutTests;
			productReference = ADD55B0E24C5548C0063BC99 /* layoutTests.xctest */;
			productType = "com.apple.product-type.bundle.unit-test";
		};
		ADD55B1824C5548C0063BC99 /* layoutUITests */ = {
			isa = PBXNativeTarget;
			buildConfigurationList = ADD55B2824C5548C0063BC99 /* Build configuration list for PBXNativeTarget "layoutUITests" */;
			buildPhases = (
				0F26E260C9B391086B239581 /* [CP] Check Pods Manifest.lock */,
				ADD55B1524C5548C0063BC99 /* Sources */,
				ADD55B1624C5548C0063BC99 /* Frameworks */,
				ADD55B1724C5548C0063BC99 /* Resources */,
				DDB49A70081EDB7C29BFC854 /* [CP] Embed Pods Frameworks */,
			);
			buildRules = (
			);
			dependencies = (
				ADD55B1B24C5548C0063BC99 /* PBXTargetDependency */,
			);
			name = layoutUITests;
			productName = layoutUITests;
			productReference = ADD55B1924C5548C0063BC99 /* layoutUITests.xctest */;
			productType = "com.apple.product-type.bundle.ui-testing";
		};
/* End PBXNativeTarget section */

/* Begin PBXProject section */
		ADD55AF024C5548A0063BC99 /* Project object */ = {
			isa = PBXProject;
			attributes = {
				LastSwiftUpdateCheck = 1150;
				LastUpgradeCheck = 1150;
				ORGANIZATIONNAME = "Rama Agastya";
				TargetAttributes = {
					ADD55AF724C5548A0063BC99 = {
						CreatedOnToolsVersion = 11.5;
					};
					ADD55B0D24C5548C0063BC99 = {
						CreatedOnToolsVersion = 11.5;
						TestTargetID = ADD55AF724C5548A0063BC99;
					};
					ADD55B1824C5548C0063BC99 = {
						CreatedOnToolsVersion = 11.5;
						TestTargetID = ADD55AF724C5548A0063BC99;
					};
				};
			};
			buildConfigurationList = ADD55AF324C5548A0063BC99 /* Build configuration list for PBXProject "layout" */;
			compatibilityVersion = "Xcode 9.3";
			developmentRegion = en;
			hasScannedForEncodings = 0;
			knownRegions = (
				en,
				Base,
			);
			mainGroup = ADD55AEF24C5548A0063BC99;
			productRefGroup = ADD55AF924C5548A0063BC99 /* Products */;
			projectDirPath = "";
			projectRoot = "";
			targets = (
				ADD55AF724C5548A0063BC99 /* layout */,
				ADD55B0D24C5548C0063BC99 /* layoutTests */,
				ADD55B1824C5548C0063BC99 /* layoutUITests */,
			);
		};
/* End PBXProject section */

/* Begin PBXResourcesBuildPhase section */
		ADD55AF624C5548A0063BC99 /* Resources */ = {
			isa = PBXResourcesBuildPhase;
			buildActionMask = 2147483647;
			files = (
				ADD55B0824C5548C0063BC99 /* LaunchScreen.storyboard in Resources */,
				ADD55B0524C5548C0063BC99 /* Assets.xcassets in Resources */,
				ADD55B0324C5548A0063BC99 /* Main.storyboard in Resources */,
			);
			runOnlyForDeploymentPostprocessing = 0;
		};
		ADD55B0C24C5548C0063BC99 /* Resources */ = {
			isa = PBXResourcesBuildPhase;
			buildActionMask = 2147483647;
			files = (
			);
			runOnlyForDeploymentPostprocessing = 0;
		};
		ADD55B1724C5548C0063BC99 /* Resources */ = {
			isa = PBXResourcesBuildPhase;
			buildActionMask = 2147483647;
			files = (
			);
			runOnlyForDeploymentPostprocessing = 0;
		};
/* End PBXResourcesBuildPhase section */

/* Begin PBXShellScriptBuildPhase section */
		0F26E260C9B391086B239581 /* [CP] Check Pods Manifest.lock */ = {
			isa = PBXShellScriptBuildPhase;
			buildActionMask = 2147483647;
			files = (
			);
			inputFileListPaths = (
			);
			inputPaths = (
				"${PODS_PODFILE_DIR_PATH}/Podfile.lock",
				"${PODS_ROOT}/Manifest.lock",
			);
			name = "[CP] Check Pods Manifest.lock";
			outputFileListPaths = (
			);
			outputPaths = (
				"$(DERIVED_FILE_DIR)/Pods-layout-layoutUITests-checkManifestLockResult.txt",
			);
			runOnlyForDeploymentPostprocessing = 0;
			shellPath = /bin/sh;
			shellScript = "diff \"${PODS_PODFILE_DIR_PATH}/Podfile.lock\" \"${PODS_ROOT}/Manifest.lock\" > /dev/null\nif [ $? != 0 ] ; then\n    # print error to STDERR\n    echo \"error: The sandbox is not in sync with the Podfile.lock. Run 'pod install' or update your CocoaPods installation.\" >&2\n    exit 1\nfi\n# This output is used by Xcode 'outputs' to avoid re-running this script phase.\necho \"SUCCESS\" > \"${SCRIPT_OUTPUT_FILE_0}\"\n";
			showEnvVarsInLog = 0;
		};
		1025A236A052F33A1A765CF6 /* [CP] Check Pods Manifest.lock */ = {
			isa = PBXShellScriptBuildPhase;
			buildActionMask = 2147483647;
			files = (
			);
			inputFileListPaths = (
			);
			inputPaths = (
				"${PODS_PODFILE_DIR_PATH}/Podfile.lock",
				"${PODS_ROOT}/Manifest.lock",
			);
			name = "[CP] Check Pods Manifest.lock";
			outputFileListPaths = (
			);
			outputPaths = (
				"$(DERIVED_FILE_DIR)/Pods-layout-checkManifestLockResult.txt",
			);
			runOnlyForDeploymentPostprocessing = 0;
			shellPath = /bin/sh;
			shellScript = "diff \"${PODS_PODFILE_DIR_PATH}/Podfile.lock\" \"${PODS_ROOT}/Manifest.lock\" > /dev/null\nif [ $? != 0 ] ; then\n    # print error to STDERR\n    echo \"error: The sandbox is not in sync with the Podfile.lock. Run 'pod install' or update your CocoaPods installation.\" >&2\n    exit 1\nfi\n# This output is used by Xcode 'outputs' to avoid re-running this script phase.\necho \"SUCCESS\" > \"${SCRIPT_OUTPUT_FILE_0}\"\n";
			showEnvVarsInLog = 0;
		};
		3EB829C3B09ACECA92FCC4F3 /* [CP] Embed Pods Frameworks */ = {
			isa = PBXShellScriptBuildPhase;
			buildActionMask = 2147483647;
			files = (
			);
			inputFileListPaths = (
				"${PODS_ROOT}/Target Support Files/Pods-layout/Pods-layout-frameworks-${CONFIGURATION}-input-files.xcfilelist",
			);
			name = "[CP] Embed Pods Frameworks";
			outputFileListPaths = (
				"${PODS_ROOT}/Target Support Files/Pods-layout/Pods-layout-frameworks-${CONFIGURATION}-output-files.xcfilelist",
			);
			runOnlyForDeploymentPostprocessing = 0;
			shellPath = /bin/sh;
			shellScript = "\"${PODS_ROOT}/Target Support Files/Pods-layout/Pods-layout-frameworks.sh\"\n";
			showEnvVarsInLog = 0;
		};
		AB36A672CE39BDBF65EFEAE6 /* [CP] Check Pods Manifest.lock */ = {
			isa = PBXShellScriptBuildPhase;
			buildActionMask = 2147483647;
			files = (
			);
			inputFileListPaths = (
			);
			inputPaths = (
				"${PODS_PODFILE_DIR_PATH}/Podfile.lock",
				"${PODS_ROOT}/Manifest.lock",
			);
			name = "[CP] Check Pods Manifest.lock";
			outputFileListPaths = (
			);
			outputPaths = (
				"$(DERIVED_FILE_DIR)/Pods-layoutTests-checkManifestLockResult.txt",
			);
			runOnlyForDeploymentPostprocessing = 0;
			shellPath = /bin/sh;
			shellScript = "diff \"${PODS_PODFILE_DIR_PATH}/Podfile.lock\" \"${PODS_ROOT}/Manifest.lock\" > /dev/null\nif [ $? != 0 ] ; then\n    # print error to STDERR\n    echo \"error: The sandbox is not in sync with the Podfile.lock. Run 'pod install' or update your CocoaPods installation.\" >&2\n    exit 1\nfi\n# This output is used by Xcode 'outputs' to avoid re-running this script phase.\necho \"SUCCESS\" > \"${SCRIPT_OUTPUT_FILE_0}\"\n";
			showEnvVarsInLog = 0;
		};
		DDB49A70081EDB7C29BFC854 /* [CP] Embed Pods Frameworks */ = {
			isa = PBXShellScriptBuildPhase;
			buildActionMask = 2147483647;
			files = (
			);
			inputFileListPaths = (
				"${PODS_ROOT}/Target Support Files/Pods-layout-layoutUITests/Pods-layout-layoutUITests-frameworks-${CONFIGURATION}-input-files.xcfilelist",
			);
			name = "[CP] Embed Pods Frameworks";
			outputFileListPaths = (
				"${PODS_ROOT}/Target Support Files/Pods-layout-layoutUITests/Pods-layout-layoutUITests-frameworks-${CONFIGURATION}-output-files.xcfilelist",
			);
			runOnlyForDeploymentPostprocessing = 0;
			shellPath = /bin/sh;
			shellScript = "\"${PODS_ROOT}/Target Support Files/Pods-layout-layoutUITests/Pods-layout-layoutUITests-frameworks.sh\"\n";
			showEnvVarsInLog = 0;
		};
/* End PBXShellScriptBuildPhase section */

/* Begin PBXSourcesBuildPhase section */
		ADD55AF424C5548A0063BC99 /* Sources */ = {
			isa = PBXSourcesBuildPhase;
			buildActionMask = 2147483647;
			files = (
				AD33053224FDFCA9004C9B1F /* AcceptedCell.swift in Sources */,
				AD38A7AF24F3C5AB005D0D5C /* PaymentController.swift in Sources */,
				AD311B8425132409005D2920 /* RequestItemController.swift in Sources */,
				3E543451250247500016969B /* JobCategoryMain.swift in Sources */,
				AD34DB4A2500ECC200BA8FC6 /* DoneDetailController.swift in Sources */,
				ADC218EA24F35FD30044DE42 /* JobLocation.swift in Sources */,
				AD6B568D24F5FDBD008E596D /* PaymentList.swift in Sources */,
				AD33053424FE0261004C9B1F /* ProgressCell.swift in Sources */,
				AD34FEFA2505EE9900A19FC7 /* JobListCell.swift in Sources */,
				ADC218F024F3609A0044DE42 /* JobList.swift in Sources */,
				ADD55B0024C5548A0063BC99 /* ViewController.swift in Sources */,
				ADD55AFC24C5548A0063BC99 /* AppDelegate.swift in Sources */,
				AD01194024FDE6C200DB1DEC /* AppliedCell.swift in Sources */,
				AD732A992510740800374459 /* AlertController.swift in Sources */,
				3E54344F250247090016969B /* JobCategoryListAll.swift in Sources */,
				ADC218EC24F35FED0044DE42 /* JobLevel.swift in Sources */,
				ADCCA5C82511FF2F00536170 /* ActionButtonItem.swift in Sources */,
				AD9FCB3425075D410025A866 /* DetailJobListController.swift in Sources */,
				AD47DA7324FCE2250097F283 /* DetailController.swift in Sources */,
				AD6B569524F64280008E596D /* PaymentProgress.swift in Sources */,
				AD9FCB3825077BFC0025A866 /* JobListAllController.swift in Sources */,
				AD32BB9224ECDB0100D78982 /* UserSingle.swift in Sources */,
				ADC218E424F35F760044DE42 /* JobCategory.swift in Sources */,
				AD47DA7524FCECBC0097F283 /* AcceptedController.swift in Sources */,
				AD3A533D24F78F2100F3D80E /* SupportList.swift in Sources */,
				AD36C91F24FF89B0001DDA72 /* JobProgress.swift in Sources */,
				ADBC403824F76BBB00A90810 /* SupportCell.swift in Sources */,
				ADD3384224EBAFDD00295B40 /* PersonalDetailController.swift in Sources */,
				AD3756FC25109B2B0012B48D /* UIImage.swift in Sources */,
				AD3A533B24F78F1400F3D80E /* Support.swift in Sources */,
				AD2D5D79250F57EC0045735C /* EditProfileController.swift in Sources */,
				ADD55AFE24C5548A0063BC99 /* SceneDelegate.swift in Sources */,
				AD9FCB3625077B760025A866 /* JobListAllCell.swift in Sources */,
				ADCCA5C62511FEE700536170 /* ActionButton.swift in Sources */,
				AD47DA7724FCEDB50097F283 /* DoneController.swift in Sources */,
				AD34DB482500EC1500BA8FC6 /* DoneDetailCell.swift in Sources */,
				AD6B568F24F5FE05008E596D /* PaymentLastestProgress.swift in Sources */,
				AD468EF124F7BA2000EF2CD8 /* PaymentDetailController.swift in Sources */,
				AD4B4E8E251336D2000EC2FA /* SupportItemController.swift in Sources */,
				ADD3384024EBAE1A00295B40 /* PersonalDetailCell.swift in Sources */,
				AD45CCB724FE41780005A6BB /* JobPIC.swift in Sources */,
				AD38A7AD24F3C510005D0D5C /* PaymentCell.swift in Sources */,
				3E54344B250236F80016969B /* DashboardViewController.swift in Sources */,
				AD34C21E24EBDDBA00B028FB /* User.swift in Sources */,
				ADC0248024FF3A4400A376A8 /* AcceptedDetailController.swift in Sources */,
				AD4B4E90251336F6000EC2FA /* JobDoneController.swift in Sources */,
				ADC218E824F35FB60044DE42 /* JobCustomerLocation.swift in Sources */,
				AD47DA6D24FCE04E0097F283 /* AppliedController.swift in Sources */,
				ADC218E624F35F940044DE42 /* JobCustomer.swift in Sources */,
				AD468EED24F7B6BE00EF2CD8 /* PaymentDetailCell.swift in Sources */,
				AD3756FE2510A53D0012B48D /* DetailImagePaymentController.swift in Sources */,
				ADC218F224F360BC0044DE42 /* Job.swift in Sources */,
				AD36C91D24FF7F84001DDA72 /* ProgressDetailController.swift in Sources */,
				AD3A533F24F79CC800F3D80E /* SupportDetailController.swift in Sources */,
				AD336A4124FE2D480032B25B /* AppliedDetailController.swift in Sources */,
				AD6B568B24F5FD92008E596D /* Payment.swift in Sources */,
				AD47DA7924FCEDC40097F283 /* ProgressController.swift in Sources */,
				ADD3383E24EBAB2100295B40 /* DetailPersonal.swift in Sources */,
				AD33D6722514A62B00EA4B17 /* DetailImageSupportController.swift in Sources */,
				ADC218EE24F360040044DE42 /* JobSingle.swift in Sources */,
				3E54344D250245E10016969B /* JobCategoryAllViewController.swift in Sources */,
				ADD3384A24EBD3AA00295B40 /* GlobalVariable.swift in Sources */,
				AD36C91B24FF7E4D001DDA72 /* ProgressJobCell.swift in Sources */,
				ADD3384724EBCCBD00295B40 /* PersonalViewController.swift in Sources */,
				AD3A533924F78DD400F3D80E /* SupportController.swift in Sources */,
				AD33053624FE026C004C9B1F /* DoneCell.swift in Sources */,
			);
			runOnlyForDeploymentPostprocessing = 0;
		};
		ADD55B0A24C5548C0063BC99 /* Sources */ = {
			isa = PBXSourcesBuildPhase;
			buildActionMask = 2147483647;
			files = (
				ADD55B1324C5548C0063BC99 /* layoutTests.swift in Sources */,
			);
			runOnlyForDeploymentPostprocessing = 0;
		};
		ADD55B1524C5548C0063BC99 /* Sources */ = {
			isa = PBXSourcesBuildPhase;
			buildActionMask = 2147483647;
			files = (
				ADD55B1E24C5548C0063BC99 /* layoutUITests.swift in Sources */,
			);
			runOnlyForDeploymentPostprocessing = 0;
		};
/* End PBXSourcesBuildPhase section */

/* Begin PBXTargetDependency section */
		ADD55B1024C5548C0063BC99 /* PBXTargetDependency */ = {
			isa = PBXTargetDependency;
			target = ADD55AF724C5548A0063BC99 /* layout */;
			targetProxy = ADD55B0F24C5548C0063BC99 /* PBXContainerItemProxy */;
		};
		ADD55B1B24C5548C0063BC99 /* PBXTargetDependency */ = {
			isa = PBXTargetDependency;
			target = ADD55AF724C5548A0063BC99 /* layout */;
			targetProxy = ADD55B1A24C5548C0063BC99 /* PBXContainerItemProxy */;
		};
/* End PBXTargetDependency section */

/* Begin PBXVariantGroup section */
		ADD55B0124C5548A0063BC99 /* Main.storyboard */ = {
			isa = PBXVariantGroup;
			children = (
				ADD55B0224C5548A0063BC99 /* Base */,
			);
			name = Main.storyboard;
			sourceTree = "<group>";
		};
		ADD55B0624C5548C0063BC99 /* LaunchScreen.storyboard */ = {
			isa = PBXVariantGroup;
			children = (
				ADD55B0724C5548C0063BC99 /* Base */,
			);
			name = LaunchScreen.storyboard;
			sourceTree = "<group>";
		};
/* End PBXVariantGroup section */

/* Begin XCBuildConfiguration section */
		ADD55B2024C5548C0063BC99 /* Debug */ = {
			isa = XCBuildConfiguration;
			buildSettings = {
				ALWAYS_SEARCH_USER_PATHS = NO;
				CLANG_ANALYZER_NONNULL = YES;
				CLANG_ANALYZER_NUMBER_OBJECT_CONVERSION = YES_AGGRESSIVE;
				CLANG_CXX_LANGUAGE_STANDARD = "gnu++14";
				CLANG_CXX_LIBRARY = "libc++";
				CLANG_ENABLE_MODULES = YES;
				CLANG_ENABLE_OBJC_ARC = YES;
				CLANG_ENABLE_OBJC_WEAK = YES;
				CLANG_WARN_BLOCK_CAPTURE_AUTORELEASING = YES;
				CLANG_WARN_BOOL_CONVERSION = YES;
				CLANG_WARN_COMMA = YES;
				CLANG_WARN_CONSTANT_CONVERSION = YES;
				CLANG_WARN_DEPRECATED_OBJC_IMPLEMENTATIONS = YES;
				CLANG_WARN_DIRECT_OBJC_ISA_USAGE = YES_ERROR;
				CLANG_WARN_DOCUMENTATION_COMMENTS = YES;
				CLANG_WARN_EMPTY_BODY = YES;
				CLANG_WARN_ENUM_CONVERSION = YES;
				CLANG_WARN_INFINITE_RECURSION = YES;
				CLANG_WARN_INT_CONVERSION = YES;
				CLANG_WARN_NON_LITERAL_NULL_CONVERSION = YES;
				CLANG_WARN_OBJC_IMPLICIT_RETAIN_SELF = YES;
				CLANG_WARN_OBJC_LITERAL_CONVERSION = YES;
				CLANG_WARN_OBJC_ROOT_CLASS = YES_ERROR;
				CLANG_WARN_RANGE_LOOP_ANALYSIS = YES;
				CLANG_WARN_STRICT_PROTOTYPES = YES;
				CLANG_WARN_SUSPICIOUS_MOVE = YES;
				CLANG_WARN_UNGUARDED_AVAILABILITY = YES_AGGRESSIVE;
				CLANG_WARN_UNREACHABLE_CODE = YES;
				CLANG_WARN__DUPLICATE_METHOD_MATCH = YES;
				COPY_PHASE_STRIP = NO;
				DEBUG_INFORMATION_FORMAT = dwarf;
				ENABLE_STRICT_OBJC_MSGSEND = YES;
				ENABLE_TESTABILITY = YES;
				GCC_C_LANGUAGE_STANDARD = gnu11;
				GCC_DYNAMIC_NO_PIC = NO;
				GCC_NO_COMMON_BLOCKS = YES;
				GCC_OPTIMIZATION_LEVEL = 0;
				GCC_PREPROCESSOR_DEFINITIONS = (
					"DEBUG=1",
					"$(inherited)",
				);
				GCC_WARN_64_TO_32_BIT_CONVERSION = YES;
				GCC_WARN_ABOUT_RETURN_TYPE = YES_ERROR;
				GCC_WARN_UNDECLARED_SELECTOR = YES;
				GCC_WARN_UNINITIALIZED_AUTOS = YES_AGGRESSIVE;
				GCC_WARN_UNUSED_FUNCTION = YES;
				GCC_WARN_UNUSED_VARIABLE = YES;
				IPHONEOS_DEPLOYMENT_TARGET = 12.4;
				MTL_ENABLE_DEBUG_INFO = INCLUDE_SOURCE;
				MTL_FAST_MATH = YES;
				ONLY_ACTIVE_ARCH = YES;
				SDKROOT = iphoneos;
				SWIFT_ACTIVE_COMPILATION_CONDITIONS = DEBUG;
				SWIFT_OPTIMIZATION_LEVEL = "-Onone";
			};
			name = Debug;
		};
		ADD55B2124C5548C0063BC99 /* Release */ = {
			isa = XCBuildConfiguration;
			buildSettings = {
				ALWAYS_SEARCH_USER_PATHS = NO;
				CLANG_ANALYZER_NONNULL = YES;
				CLANG_ANALYZER_NUMBER_OBJECT_CONVERSION = YES_AGGRESSIVE;
				CLANG_CXX_LANGUAGE_STANDARD = "gnu++14";
				CLANG_CXX_LIBRARY = "libc++";
				CLANG_ENABLE_MODULES = YES;
				CLANG_ENABLE_OBJC_ARC = YES;
				CLANG_ENABLE_OBJC_WEAK = YES;
				CLANG_WARN_BLOCK_CAPTURE_AUTORELEASING = YES;
				CLANG_WARN_BOOL_CONVERSION = YES;
				CLANG_WARN_COMMA = YES;
				CLANG_WARN_CONSTANT_CONVERSION = YES;
				CLANG_WARN_DEPRECATED_OBJC_IMPLEMENTATIONS = YES;
				CLANG_WARN_DIRECT_OBJC_ISA_USAGE = YES_ERROR;
				CLANG_WARN_DOCUMENTATION_COMMENTS = YES;
				CLANG_WARN_EMPTY_BODY = YES;
				CLANG_WARN_ENUM_CONVERSION = YES;
				CLANG_WARN_INFINITE_RECURSION = YES;
				CLANG_WARN_INT_CONVERSION = YES;
				CLANG_WARN_NON_LITERAL_NULL_CONVERSION = YES;
				CLANG_WARN_OBJC_IMPLICIT_RETAIN_SELF = YES;
				CLANG_WARN_OBJC_LITERAL_CONVERSION = YES;
				CLANG_WARN_OBJC_ROOT_CLASS = YES_ERROR;
				CLANG_WARN_RANGE_LOOP_ANALYSIS = YES;
				CLANG_WARN_STRICT_PROTOTYPES = YES;
				CLANG_WARN_SUSPICIOUS_MOVE = YES;
				CLANG_WARN_UNGUARDED_AVAILABILITY = YES_AGGRESSIVE;
				CLANG_WARN_UNREACHABLE_CODE = YES;
				CLANG_WARN__DUPLICATE_METHOD_MATCH = YES;
				COPY_PHASE_STRIP = NO;
				DEBUG_INFORMATION_FORMAT = "dwarf-with-dsym";
				ENABLE_NS_ASSERTIONS = NO;
				ENABLE_STRICT_OBJC_MSGSEND = YES;
				GCC_C_LANGUAGE_STANDARD = gnu11;
				GCC_NO_COMMON_BLOCKS = YES;
				GCC_WARN_64_TO_32_BIT_CONVERSION = YES;
				GCC_WARN_ABOUT_RETURN_TYPE = YES_ERROR;
				GCC_WARN_UNDECLARED_SELECTOR = YES;
				GCC_WARN_UNINITIALIZED_AUTOS = YES_AGGRESSIVE;
				GCC_WARN_UNUSED_FUNCTION = YES;
				GCC_WARN_UNUSED_VARIABLE = YES;
				IPHONEOS_DEPLOYMENT_TARGET = 12.4;
				MTL_ENABLE_DEBUG_INFO = NO;
				MTL_FAST_MATH = YES;
				SDKROOT = iphoneos;
				SWIFT_COMPILATION_MODE = wholemodule;
				SWIFT_OPTIMIZATION_LEVEL = "-O";
				VALIDATE_PRODUCT = YES;
			};
			name = Release;
		};
		ADD55B2324C5548C0063BC99 /* Debug */ = {
			isa = XCBuildConfiguration;
			baseConfigurationReference = 642372A9C70FDB41D71F34D0 /* Pods-layout.debug.xcconfig */;
			buildSettings = {
				ASSETCATALOG_COMPILER_APPICON_NAME = AppIcon;
				CODE_SIGN_STYLE = Automatic;
				DEVELOPMENT_TEAM = 4MT3XWRFFP;
				INFOPLIST_FILE = layout/Info.plist;
				IPHONEOS_DEPLOYMENT_TARGET = 12.4;
				LD_RUNPATH_SEARCH_PATHS = (
					"$(inherited)",
					"@executable_path/Frameworks",
				);
				PRODUCT_BUNDLE_IDENTIFIER = id.co.sinergy.layoutTest2;
				PRODUCT_NAME = "$(TARGET_NAME)";
				SWIFT_VERSION = 5.0;
				TARGETED_DEVICE_FAMILY = "1,2";
			};
			name = Debug;
		};
		ADD55B2424C5548C0063BC99 /* Release */ = {
			isa = XCBuildConfiguration;
			baseConfigurationReference = DCAA9C395D2417F505FF1B16 /* Pods-layout.release.xcconfig */;
			buildSettings = {
				ASSETCATALOG_COMPILER_APPICON_NAME = AppIcon;
				CODE_SIGN_STYLE = Automatic;
				DEVELOPMENT_TEAM = 27B52XR7K3;
				INFOPLIST_FILE = layout/Info.plist;
				IPHONEOS_DEPLOYMENT_TARGET = 12.4;
				LD_RUNPATH_SEARCH_PATHS = (
					"$(inherited)",
					"@executable_path/Frameworks",
				);
				PRODUCT_BUNDLE_IDENTIFIER = id.co.sinergy.layoutTest2;
				PRODUCT_NAME = "$(TARGET_NAME)";
				SWIFT_VERSION = 5.0;
				TARGETED_DEVICE_FAMILY = "1,2";
			};
			name = Release;
		};
		ADD55B2624C5548C0063BC99 /* Debug */ = {
			isa = XCBuildConfiguration;
			baseConfigurationReference = B88E41E8D7C4605E90979CA4 /* Pods-layoutTests.debug.xcconfig */;
			buildSettings = {
				ALWAYS_EMBED_SWIFT_STANDARD_LIBRARIES = YES;
				BUNDLE_LOADER = "$(TEST_HOST)";
				CODE_SIGN_STYLE = Automatic;
				INFOPLIST_FILE = layoutTests/Info.plist;
				IPHONEOS_DEPLOYMENT_TARGET = 12.4;
				LD_RUNPATH_SEARCH_PATHS = (
					"$(inherited)",
					"@executable_path/Frameworks",
					"@loader_path/Frameworks",
				);
				PRODUCT_BUNDLE_IDENTIFIER = id.co.sinergy.layoutTests;
				PRODUCT_NAME = "$(TARGET_NAME)";
				SWIFT_VERSION = 5.0;
				TARGETED_DEVICE_FAMILY = "1,2";
				TEST_HOST = "$(BUILT_PRODUCTS_DIR)/layout.app/layout";
			};
			name = Debug;
		};
		ADD55B2724C5548C0063BC99 /* Release */ = {
			isa = XCBuildConfiguration;
			baseConfigurationReference = 0C7C374CC2E8240B3F39DF85 /* Pods-layoutTests.release.xcconfig */;
			buildSettings = {
				ALWAYS_EMBED_SWIFT_STANDARD_LIBRARIES = YES;
				BUNDLE_LOADER = "$(TEST_HOST)";
				CODE_SIGN_STYLE = Automatic;
				INFOPLIST_FILE = layoutTests/Info.plist;
				IPHONEOS_DEPLOYMENT_TARGET = 12.4;
				LD_RUNPATH_SEARCH_PATHS = (
					"$(inherited)",
					"@executable_path/Frameworks",
					"@loader_path/Frameworks",
				);
				PRODUCT_BUNDLE_IDENTIFIER = id.co.sinergy.layoutTests;
				PRODUCT_NAME = "$(TARGET_NAME)";
				SWIFT_VERSION = 5.0;
				TARGETED_DEVICE_FAMILY = "1,2";
				TEST_HOST = "$(BUILT_PRODUCTS_DIR)/layout.app/layout";
			};
			name = Release;
		};
		ADD55B2924C5548C0063BC99 /* Debug */ = {
			isa = XCBuildConfiguration;
			baseConfigurationReference = 8637C962757333A4DAD78F54 /* Pods-layout-layoutUITests.debug.xcconfig */;
			buildSettings = {
				ALWAYS_EMBED_SWIFT_STANDARD_LIBRARIES = YES;
				CODE_SIGN_STYLE = Automatic;
				INFOPLIST_FILE = layoutUITests/Info.plist;
				LD_RUNPATH_SEARCH_PATHS = (
					"$(inherited)",
					"@executable_path/Frameworks",
					"@loader_path/Frameworks",
				);
				PRODUCT_BUNDLE_IDENTIFIER = id.co.sinergy.layoutUITests;
				PRODUCT_NAME = "$(TARGET_NAME)";
				SWIFT_VERSION = 5.0;
				TARGETED_DEVICE_FAMILY = "1,2";
				TEST_TARGET_NAME = layout;
			};
			name = Debug;
		};
		ADD55B2A24C5548C0063BC99 /* Release */ = {
			isa = XCBuildConfiguration;
			baseConfigurationReference = 74EDB09A5FA2EDDCBF497CBD /* Pods-layout-layoutUITests.release.xcconfig */;
			buildSettings = {
				ALWAYS_EMBED_SWIFT_STANDARD_LIBRARIES = YES;
				CODE_SIGN_STYLE = Automatic;
				INFOPLIST_FILE = layoutUITests/Info.plist;
				LD_RUNPATH_SEARCH_PATHS = (
					"$(inherited)",
					"@executable_path/Frameworks",
					"@loader_path/Frameworks",
				);
				PRODUCT_BUNDLE_IDENTIFIER = id.co.sinergy.layoutUITests;
				PRODUCT_NAME = "$(TARGET_NAME)";
				SWIFT_VERSION = 5.0;
				TARGETED_DEVICE_FAMILY = "1,2";
				TEST_TARGET_NAME = layout;
			};
			name = Release;
		};
/* End XCBuildConfiguration section */

/* Begin XCConfigurationList section */
		ADD55AF324C5548A0063BC99 /* Build configuration list for PBXProject "layout" */ = {
			isa = XCConfigurationList;
			buildConfigurations = (
				ADD55B2024C5548C0063BC99 /* Debug */,
				ADD55B2124C5548C0063BC99 /* Release */,
			);
			defaultConfigurationIsVisible = 0;
			defaultConfigurationName = Release;
		};
		ADD55B2224C5548C0063BC99 /* Build configuration list for PBXNativeTarget "layout" */ = {
			isa = XCConfigurationList;
			buildConfigurations = (
				ADD55B2324C5548C0063BC99 /* Debug */,
				ADD55B2424C5548C0063BC99 /* Release */,
			);
			defaultConfigurationIsVisible = 0;
			defaultConfigurationName = Release;
		};
		ADD55B2524C5548C0063BC99 /* Build configuration list for PBXNativeTarget "layoutTests" */ = {
			isa = XCConfigurationList;
			buildConfigurations = (
				ADD55B2624C5548C0063BC99 /* Debug */,
				ADD55B2724C5548C0063BC99 /* Release */,
			);
			defaultConfigurationIsVisible = 0;
			defaultConfigurationName = Release;
		};
		ADD55B2824C5548C0063BC99 /* Build configuration list for PBXNativeTarget "layoutUITests" */ = {
			isa = XCConfigurationList;
			buildConfigurations = (
				ADD55B2924C5548C0063BC99 /* Debug */,
				ADD55B2A24C5548C0063BC99 /* Release */,
			);
			defaultConfigurationIsVisible = 0;
			defaultConfigurationName = Release;
		};
/* End XCConfigurationList section */
	};
	rootObject = ADD55AF024C5548A0063BC99 /* Project object */;
}
